
Microsoft Visual Studio Solution File, Format Version 12.00
# Visual Studio Version 17
VisualStudioVersion = 17.10.35013.160
MinimumVisualStudioVersion = 10.0.40219.1
Project("{FAE04EC0-301F-11D3-BF4B-00C04F79EFBC}") = "Demo_OO_01_Encapsulation", "Demo_OO_01_Encapsulation\Demo_OO_01_Encapsulation.csproj", "{58EF3BF3-8298-4E9B-B1A5-9FC0B92B14BE}"
EndProject
Global
	GlobalSection(SolutionConfigurationPlatforms) = preSolution
		Debug|Any CPU = Debug|Any CPU
		Release|Any CPU = Release|Any CPU
	EndGlobalSection
	GlobalSection(ProjectConfigurationPlatforms) = postSolution
		{58EF3BF3-8298-4E9B-B1A5-9FC0B92B14BE}.Debug|Any CPU.ActiveCfg = Debug|Any CPU
		{58EF3BF3-8298-4E9B-B1A5-9FC0B92B14BE}.Debug|Any CPU.Build.0 = Debug|Any CPU
		{58EF3BF3-8298-4E9B-B1A5-9FC0B92B14BE}.Release|Any CPU.ActiveCfg = Release|Any CPU
		{58EF3BF3-8298-4E9B-B1A5-9FC0B92B14BE}.Release|Any CPU.Build.0 = Release|Any CPU
	EndGlobalSection
	GlobalSection(SolutionProperties) = preSolution
		HideSolutionNode = FALSE
	EndGlobalSection
	GlobalSection(ExtensibilityGlobals) = postSolution
		SolutionGuid = {23A7802B-E8C3-4C2D-AE21-3D81AC3FDA61}
	EndGlobalSection
EndGlobal
