
Microsoft Visual Studio Solution File, Format Version 12.00
# Visual Studio Version 17
VisualStudioVersion = 17.10.35013.160
MinimumVisualStudioVersion = 10.0.40219.1
Project("{9A19103F-16F7-4668-BE54-9A1E7A4F7556}") = "Demo_OO_01_Encapsulation", "Demo_OO_01_Encapsulation\Demo_OO_01_Encapsulation.csproj", "{58EF3BF3-8298-4E9B-B1A5-9FC0B92B14BE}"
EndProject
Project("{9A19103F-16F7-4668-BE54-9A1E7A4F7556}") = "Demo_OO_03_SurchageOperateur", "Demo_OO_03_SurchageOperateur\Demo_OO_03_SurchageOperateur.csproj", "{C34322FC-6BFF-4CB0-81EC-89A8F24D1AC2}"
EndProject
Project("{9A19103F-16F7-4668-BE54-9A1E7A4F7556}") = "Demo_OO_04_Heritage", "Demo_OO_04_Heritage\Demo_OO_04_Heritage.csproj", "{EE97E83E-C92F-4684-A279-A75E2F1A7F1F}"
EndProject
Project("{9A19103F-16F7-4668-BE54-9A1E7A4F7556}") = "Demo_OO_05_Static", "Demo_OO_05_Static\Demo_OO_05_Static.csproj", "{F4705C03-AF47-499B-B146-9D5F2668D777}"
EndProject
Project("{9A19103F-16F7-4668-BE54-9A1E7A4F7556}") = "Demo_OO_06_Interface", "Demo_OO_06_Interface\Demo_OO_06_Interface.csproj", "{0DAAF470-8517-4D08-B604-9CD4433B013D}"
EndProject
Project("{9A19103F-16F7-4668-BE54-9A1E7A4F7556}") = "Demo_OO_07_Constructeur", "Demo_OO_07_Constructeur\Demo_OO_07_Constructeur.csproj", "{5D74E192-759A-4A83-BE67-C25C5A32AFB1}"
EndProject
Project("{9A19103F-16F7-4668-BE54-9A1E7A4F7556}") = "Demo_OO_02_Indexeur", "Demo_OO_02_Indexeur\Demo_OO_02_Indexeur.csproj", "{D6AA6395-FFF7-4CA4-81A6-B06B3FCDC35F}"
EndProject
Project("{FAE04EC0-301F-11D3-BF4B-00C04F79EFBC}") = "Demo_OO_09_Delegue", "Demo_OO_09_Delegue\Demo_OO_09_Delegue.csproj", "{72B8F5D6-F754-42DE-98EB-5737E94D035C}"
EndProject
Global
	GlobalSection(SolutionConfigurationPlatforms) = preSolution
		Debug|Any CPU = Debug|Any CPU
		Release|Any CPU = Release|Any CPU
	EndGlobalSection
	GlobalSection(ProjectConfigurationPlatforms) = postSolution
		{58EF3BF3-8298-4E9B-B1A5-9FC0B92B14BE}.Debug|Any CPU.ActiveCfg = Debug|Any CPU
		{58EF3BF3-8298-4E9B-B1A5-9FC0B92B14BE}.Debug|Any CPU.Build.0 = Debug|Any CPU
		{58EF3BF3-8298-4E9B-B1A5-9FC0B92B14BE}.Release|Any CPU.ActiveCfg = Release|Any CPU
		{58EF3BF3-8298-4E9B-B1A5-9FC0B92B14BE}.Release|Any CPU.Build.0 = Release|Any CPU
		{C34322FC-6BFF-4CB0-81EC-89A8F24D1AC2}.Debug|Any CPU.ActiveCfg = Debug|Any CPU
		{C34322FC-6BFF-4CB0-81EC-89A8F24D1AC2}.Debug|Any CPU.Build.0 = Debug|Any CPU
		{C34322FC-6BFF-4CB0-81EC-89A8F24D1AC2}.Release|Any CPU.ActiveCfg = Release|Any CPU
		{C34322FC-6BFF-4CB0-81EC-89A8F24D1AC2}.Release|Any CPU.Build.0 = Release|Any CPU
		{EE97E83E-C92F-4684-A279-A75E2F1A7F1F}.Debug|Any CPU.ActiveCfg = Debug|Any CPU
		{EE97E83E-C92F-4684-A279-A75E2F1A7F1F}.Debug|Any CPU.Build.0 = Debug|Any CPU
		{EE97E83E-C92F-4684-A279-A75E2F1A7F1F}.Release|Any CPU.ActiveCfg = Release|Any CPU
		{EE97E83E-C92F-4684-A279-A75E2F1A7F1F}.Release|Any CPU.Build.0 = Release|Any CPU
		{F4705C03-AF47-499B-B146-9D5F2668D777}.Debug|Any CPU.ActiveCfg = Debug|Any CPU
		{F4705C03-AF47-499B-B146-9D5F2668D777}.Debug|Any CPU.Build.0 = Debug|Any CPU
		{F4705C03-AF47-499B-B146-9D5F2668D777}.Release|Any CPU.ActiveCfg = Release|Any CPU
		{F4705C03-AF47-499B-B146-9D5F2668D777}.Release|Any CPU.Build.0 = Release|Any CPU
		{0DAAF470-8517-4D08-B604-9CD4433B013D}.Debug|Any CPU.ActiveCfg = Debug|Any CPU
		{0DAAF470-8517-4D08-B604-9CD4433B013D}.Debug|Any CPU.Build.0 = Debug|Any CPU
		{0DAAF470-8517-4D08-B604-9CD4433B013D}.Release|Any CPU.ActiveCfg = Release|Any CPU
		{0DAAF470-8517-4D08-B604-9CD4433B013D}.Release|Any CPU.Build.0 = Release|Any CPU
		{5D74E192-759A-4A83-BE67-C25C5A32AFB1}.Debug|Any CPU.ActiveCfg = Debug|Any CPU
		{5D74E192-759A-4A83-BE67-C25C5A32AFB1}.Debug|Any CPU.Build.0 = Debug|Any CPU
		{5D74E192-759A-4A83-BE67-C25C5A32AFB1}.Release|Any CPU.ActiveCfg = Release|Any CPU
		{5D74E192-759A-4A83-BE67-C25C5A32AFB1}.Release|Any CPU.Build.0 = Release|Any CPU
		{D6AA6395-FFF7-4CA4-81A6-B06B3FCDC35F}.Debug|Any CPU.ActiveCfg = Debug|Any CPU
		{D6AA6395-FFF7-4CA4-81A6-B06B3FCDC35F}.Debug|Any CPU.Build.0 = Debug|Any CPU
		{D6AA6395-FFF7-4CA4-81A6-B06B3FCDC35F}.Release|Any CPU.ActiveCfg = Release|Any CPU
		{D6AA6395-FFF7-4CA4-81A6-B06B3FCDC35F}.Release|Any CPU.Build.0 = Release|Any CPU
		{72B8F5D6-F754-42DE-98EB-5737E94D035C}.Debug|Any CPU.ActiveCfg = Debug|Any CPU
		{72B8F5D6-F754-42DE-98EB-5737E94D035C}.Debug|Any CPU.Build.0 = Debug|Any CPU
		{72B8F5D6-F754-42DE-98EB-5737E94D035C}.Release|Any CPU.ActiveCfg = Release|Any CPU
		{72B8F5D6-F754-42DE-98EB-5737E94D035C}.Release|Any CPU.Build.0 = Release|Any CPU
	EndGlobalSection
	GlobalSection(SolutionProperties) = preSolution
		HideSolutionNode = FALSE
	EndGlobalSection
	GlobalSection(ExtensibilityGlobals) = postSolution
		SolutionGuid = {23A7802B-E8C3-4C2D-AE21-3D81AC3FDA61}
	EndGlobalSection
EndGlobal
